{
  "originHash" : "f7b31cd27b16dd0e6ab9ba2ec99c18e3f38c12232f865f03944c9083df307ce9",
  "pins" : [
    {
      "identity" : "swiftdemangle",
      "kind" : "remoteSourceControl",
      "location" : "https://github.com/oozoofrog/SwiftDemangle.git",
      "state" : {
        "revision" : "9beeda1a19ac77fd16f9d744326db09ae3f5d563",
        "version" : "6.0.4"
      }
    }
  ],
  "version" : 3
}
