{
  "originHash" : "1eb05625462f068396d266cb4aa2928054072a54bd6e5bbcf79eb2ee4f282b61",
  "pins" : [
    {
      "identity" : "swift-objc-dump",
      "kind" : "remoteSourceControl",
      "location" : "https://github.com/p-x9/swift-objc-dump.git",
      "state" : {
        "revision" : "1e91dfd4c332f7015f4c46f99df8a53fbb495e20",
        "version" : "0.7.0"
      }
    }
  ],
  "version" : 3
}
